// !$*UTF8*$!
{
	archiveVersion = 1;
	classes = {
	};
	objectVersion = 46;
	objects = {

/* Begin PBXBuildFile section */
		1805B2731CCE7EC20009E4C9 /* ShellViewController.swift in Sources */ = {isa = PBXBuildFile; fileRef = 1805B2721CCE7EC20009E4C9 /* ShellViewController.swift */; };
		1805B2751CCEE3290009E4C9 /* MainViewController.swift in Sources */ = {isa = PBXBuildFile; fileRef = 1805B2741CCEE3290009E4C9 /* MainViewController.swift */; };
		1805B2771CCEE69F0009E4C9 /* CommandViewController.swift in Sources */ = {isa = PBXBuildFile; fileRef = 1805B2761CCEE69F0009E4C9 /* CommandViewController.swift */; };
		180BD2251B4C9268000DB241 /* AppDelegate.swift in Sources */ = {isa = PBXBuildFile; fileRef = 180BD2241B4C9268000DB241 /* AppDelegate.swift */; };
		180BD2271B4C9268000DB241 /* LoginViewController.swift in Sources */ = {isa = PBXBuildFile; fileRef = 180BD2261B4C9268000DB241 /* LoginViewController.swift */; };
		180BD22A1B4C9268000DB241 /* Main.storyboard in Resources */ = {isa = PBXBuildFile; fileRef = 180BD2281B4C9268000DB241 /* Main.storyboard */; };
		180BD22C1B4C9268000DB241 /* Assets.xcassets in Resources */ = {isa = PBXBuildFile; fileRef = 180BD22B1B4C9268000DB241 /* Assets.xcassets */; };
		180BD22F1B4C9268000DB241 /* LaunchScreen.storyboard in Resources */ = {isa = PBXBuildFile; fileRef = 180BD22D1B4C9268000DB241 /* LaunchScreen.storyboard */; };
		7DF4E92A2066CC0C00D34C7F /* SwiftSH.framework in Frameworks */ = {isa = PBXBuildFile; fileRef = 7DF4E9292066CC0C00D34C7F /* SwiftSH.framework */; };
/* End PBXBuildFile section */

/* Begin PBXFileReference section */
		1805B2721CCE7EC20009E4C9 /* ShellViewController.swift */ = {isa = PBXFileReference; fileEncoding = 4; lastKnownFileType = sourcecode.swift; path = ShellViewController.swift; sourceTree = "<group>"; };
		1805B2741CCEE3290009E4C9 /* MainViewController.swift */ = {isa = PBXFileReference; fileEncoding = 4; lastKnownFileType = sourcecode.swift; path = MainViewController.swift; sourceTree = "<group>"; };
		1805B2761CCEE69F0009E4C9 /* CommandViewController.swift */ = {isa = PBXFileReference; fileEncoding = 4; lastKnownFileType = sourcecode.swift; path = CommandViewController.swift; sourceTree = "<group>"; };
		180BD2221B4C9268000DB241 /* SwiftSH Example.app */ = {isa = PBXFileReference; explicitFileType = wrapper.application; includeInIndex = 0; path = "SwiftSH Example.app"; sourceTree = BUILT_PRODUCTS_DIR; };
		180BD2241B4C9268000DB241 /* AppDelegate.swift */ = {isa = PBXFileReference; lastKnownFileType = sourcecode.swift; path = AppDelegate.swift; sourceTree = "<group>"; };
		180BD2261B4C9268000DB241 /* LoginViewController.swift */ = {isa = PBXFileReference; lastKnownFileType = sourcecode.swift; path = LoginViewController.swift; sourceTree = "<group>"; };
		180BD2291B4C9268000DB241 /* Base */ = {isa = PBXFileReference; lastKnownFileType = file.storyboard; name = Base; path = Base.lproj/Main.storyboard; sourceTree = "<group>"; };
		180BD22B1B4C9268000DB241 /* Assets.xcassets */ = {isa = PBXFileReference; lastKnownFileType = folder.assetcatalog; path = Assets.xcassets; sourceTree = "<group>"; };
		180BD22E1B4C9268000DB241 /* Base */ = {isa = PBXFileReference; lastKnownFileType = file.storyboard; name = Base; path = Base.lproj/LaunchScreen.storyboard; sourceTree = "<group>"; };
		180BD2301B4C9268000DB241 /* Info.plist */ = {isa = PBXFileReference; lastKnownFileType = text.plist.xml; path = Info.plist; sourceTree = "<group>"; };
		7DF4E9292066CC0C00D34C7F /* SwiftSH.framework */ = {isa = PBXFileReference; explicitFileType = wrapper.framework; path = SwiftSH.framework; sourceTree = BUILT_PRODUCTS_DIR; };
/* End PBXFileReference section */

/* Begin PBXFrameworksBuildPhase section */
		180BD21F1B4C9268000DB241 /* Frameworks */ = {
			isa = PBXFrameworksBuildPhase;
			buildActionMask = 2147483647;
			files = (
				7DF4E92A2066CC0C00D34C7F /* SwiftSH.framework in Frameworks */,
			);
			runOnlyForDeploymentPostprocessing = 0;
		};
/* End PBXFrameworksBuildPhase section */

/* Begin PBXGroup section */
		180BD1F51B4C622D000DB241 = {
			isa = PBXGroup;
			children = (
				180BD2231B4C9268000DB241 /* SwiftSH Example */,
				180BD2001B4C622D000DB241 /* Products */,
				7DF4E9282066CC0B00D34C7F /* Frameworks */,
			);
			sourceTree = "<group>";
		};
		180BD2001B4C622D000DB241 /* Products */ = {
			isa = PBXGroup;
			children = (
				180BD2221B4C9268000DB241 /* SwiftSH Example.app */,
			);
			name = Products;
			sourceTree = "<group>";
		};
		180BD2231B4C9268000DB241 /* SwiftSH Example */ = {
			isa = PBXGroup;
			children = (
				180BD2241B4C9268000DB241 /* AppDelegate.swift */,
				1805B2741CCEE3290009E4C9 /* MainViewController.swift */,
				180BD2261B4C9268000DB241 /* LoginViewController.swift */,
				1805B2721CCE7EC20009E4C9 /* ShellViewController.swift */,
				1805B2761CCEE69F0009E4C9 /* CommandViewController.swift */,
				180BD2281B4C9268000DB241 /* Main.storyboard */,
				180BD22B1B4C9268000DB241 /* Assets.xcassets */,
				180BD22D1B4C9268000DB241 /* LaunchScreen.storyboard */,
				180BD2301B4C9268000DB241 /* Info.plist */,
			);
			path = "SwiftSH Example";
			sourceTree = "<group>";
		};
		7DF4E9282066CC0B00D34C7F /* Frameworks */ = {
			isa = PBXGroup;
			children = (
				7DF4E9292066CC0C00D34C7F /* SwiftSH.framework */,
			);
			name = Frameworks;
			sourceTree = "<group>";
		};
/* End PBXGroup section */

/* Begin PBXNativeTarget section */
		180BD2211B4C9268000DB241 /* SwiftSH Example */ = {
			isa = PBXNativeTarget;
			buildConfigurationList = 180BD2311B4C9268000DB241 /* Build configuration list for PBXNativeTarget "SwiftSH Example" */;
			buildPhases = (
				180BD21E1B4C9268000DB241 /* Sources */,
				180BD21F1B4C9268000DB241 /* Frameworks */,
				180BD2201B4C9268000DB241 /* Resources */,
			);
			buildRules = (
			);
			dependencies = (
			);
			name = "SwiftSH Example";
			productName = Demo;
			productReference = 180BD2221B4C9268000DB241 /* SwiftSH Example.app */;
			productType = "com.apple.product-type.application";
		};
/* End PBXNativeTarget section */

/* Begin PBXProject section */
		180BD1F61B4C622D000DB241 /* Project object */ = {
			isa = PBXProject;
			attributes = {
				LastSwiftUpdateCheck = 0700;
				LastUpgradeCheck = 0930;
				ORGANIZATIONNAME = "Tommaso Madonia";
				TargetAttributes = {
					180BD2211B4C9268000DB241 = {
						CreatedOnToolsVersion = 7.0;
						LastSwiftMigration = 1020;
					};
				};
			};
			buildConfigurationList = 180BD1F91B4C622D000DB241 /* Build configuration list for PBXProject "SwiftSH Example" */;
			compatibilityVersion = "Xcode 3.2";
			developmentRegion = en;
			hasScannedForEncodings = 0;
			knownRegions = (
				en,
				Base,
			);
			mainGroup = 180BD1F51B4C622D000DB241;
			productRefGroup = 180BD2001B4C622D000DB241 /* Products */;
			projectDirPath = "";
			projectRoot = "";
			targets = (
				180BD2211B4C9268000DB241 /* SwiftSH Example */,
			);
		};
/* End PBXProject section */

/* Begin PBXResourcesBuildPhase section */
		180BD2201B4C9268000DB241 /* Resources */ = {
			isa = PBXResourcesBuildPhase;
			buildActionMask = 2147483647;
			files = (
				180BD22F1B4C9268000DB241 /* LaunchScreen.storyboard in Resources */,
				180BD22C1B4C9268000DB241 /* Assets.xcassets in Resources */,
				180BD22A1B4C9268000DB241 /* Main.storyboard in Resources */,
			);
			runOnlyForDeploymentPostprocessing = 0;
		};
/* End PBXResourcesBuildPhase section */

/* Begin PBXSourcesBuildPhase section */
		180BD21E1B4C9268000DB241 /* Sources */ = {
			isa = PBXSourcesBuildPhase;
			buildActionMask = 2147483647;
			files = (
				1805B2771CCEE69F0009E4C9 /* CommandViewController.swift in Sources */,
				1805B2731CCE7EC20009E4C9 /* ShellViewController.swift in Sources */,
				180BD2271B4C9268000DB241 /* LoginViewController.swift in Sources */,
				180BD2251B4C9268000DB241 /* AppDelegate.swift in Sources */,
				1805B2751CCEE3290009E4C9 /* MainViewController.swift in Sources */,
			);
			runOnlyForDeploymentPostprocessing = 0;
		};
/* End PBXSourcesBuildPhase section */

/* Begin PBXVariantGroup section */
		180BD2281B4C9268000DB241 /* Main.storyboard */ = {
			isa = PBXVariantGroup;
			children = (
				180BD2291B4C9268000DB241 /* Base */,
			);
			name = Main.storyboard;
			sourceTree = "<group>";
		};
		180BD22D1B4C9268000DB241 /* LaunchScreen.storyboard */ = {
			isa = PBXVariantGroup;
			children = (
				180BD22E1B4C9268000DB241 /* Base */,
			);
			name = LaunchScreen.storyboard;
			sourceTree = "<group>";
		};
/* End PBXVariantGroup section */

/* Begin XCBuildConfiguration section */
		180BD2111B4C622D000DB241 /* Debug */ = {
			isa = XCBuildConfiguration;
			buildSettings = {
				ALWAYS_SEARCH_USER_PATHS = NO;
				CLANG_CXX_LANGUAGE_STANDARD = "gnu++0x";
				CLANG_CXX_LIBRARY = "libc++";
				CLANG_ENABLE_MODULES = YES;
				CLANG_ENABLE_OBJC_ARC = YES;
				CLANG_WARN_BLOCK_CAPTURE_AUTORELEASING = YES;
				CLANG_WARN_BOOL_CONVERSION = YES;
				CLANG_WARN_COMMA = YES;
				CLANG_WARN_CONSTANT_CONVERSION = YES;
				CLANG_WARN_DEPRECATED_OBJC_IMPLEMENTATIONS = YES;
				CLANG_WARN_DIRECT_OBJC_ISA_USAGE = YES_ERROR;
				CLANG_WARN_EMPTY_BODY = YES;
				CLANG_WARN_ENUM_CONVERSION = YES;
				CLANG_WARN_INFINITE_RECURSION = YES;
				CLANG_WARN_INT_CONVERSION = YES;
				CLANG_WARN_NON_LITERAL_NULL_CONVERSION = YES;
				CLANG_WARN_OBJC_IMPLICIT_RETAIN_SELF = YES;
				CLANG_WARN_OBJC_LITERAL_CONVERSION = YES;
				CLANG_WARN_OBJC_ROOT_CLASS = YES_ERROR;
				CLANG_WARN_RANGE_LOOP_ANALYSIS = YES;
				CLANG_WARN_STRICT_PROTOTYPES = YES;
				CLANG_WARN_SUSPICIOUS_MOVE = YES;
				CLANG_WARN_UNREACHABLE_CODE = YES;
				CLANG_WARN__DUPLICATE_METHOD_MATCH = YES;
				"CODE_SIGN_IDENTITY[sdk=iphoneos*]" = "iPhone Developer";
				COPY_PHASE_STRIP = NO;
				CURRENT_PROJECT_VERSION = 1;
				DEBUG_INFORMATION_FORMAT = dwarf;
				ENABLE_STRICT_OBJC_MSGSEND = YES;
				ENABLE_TESTABILITY = YES;
				GCC_C_LANGUAGE_STANDARD = gnu99;
				GCC_DYNAMIC_NO_PIC = NO;
				GCC_NO_COMMON_BLOCKS = YES;
				GCC_OPTIMIZATION_LEVEL = 0;
				GCC_PREPROCESSOR_DEFINITIONS = (
					"DEBUG=1",
					"$(inherited)",
				);
				GCC_WARN_64_TO_32_BIT_CONVERSION = YES;
				GCC_WARN_ABOUT_RETURN_TYPE = YES_ERROR;
				GCC_WARN_UNDECLARED_SELECTOR = YES;
				GCC_WARN_UNINITIALIZED_AUTOS = YES_AGGRESSIVE;
				GCC_WARN_UNUSED_FUNCTION = YES;
				GCC_WARN_UNUSED_VARIABLE = YES;
				IPHONEOS_DEPLOYMENT_TARGET = 10.0;
				MTL_ENABLE_DEBUG_INFO = YES;
				ONLY_ACTIVE_ARCH = YES;
				SDKROOT = iphoneos;
				SWIFT_OPTIMIZATION_LEVEL = "-Onone";
				TARGETED_DEVICE_FAMILY = "1,2";
				"VALID_ARCHS[sdk=iphonesimulator*]" = x86_64;
				VERSIONING_SYSTEM = "apple-generic";
				VERSION_INFO_PREFIX = "";
			};
			name = Debug;
		};
		180BD2121B4C622D000DB241 /* Release */ = {
			isa = XCBuildConfiguration;
			buildSettings = {
				ALWAYS_SEARCH_USER_PATHS = NO;
				CLANG_CXX_LANGUAGE_STANDARD = "gnu++0x";
				CLANG_CXX_LIBRARY = "libc++";
				CLANG_ENABLE_MODULES = YES;
				CLANG_ENABLE_OBJC_ARC = YES;
				CLANG_WARN_BLOCK_CAPTURE_AUTORELEASING = YES;
				CLANG_WARN_BOOL_CONVERSION = YES;
				CLANG_WARN_COMMA = YES;
				CLANG_WARN_CONSTANT_CONVERSION = YES;
				CLANG_WARN_DEPRECATED_OBJC_IMPLEMENTATIONS = YES;
				CLANG_WARN_DIRECT_OBJC_ISA_USAGE = YES_ERROR;
				CLANG_WARN_EMPTY_BODY = YES;
				CLANG_WARN_ENUM_CONVERSION = YES;
				CLANG_WARN_INFINITE_RECURSION = YES;
				CLANG_WARN_INT_CONVERSION = YES;
				CLANG_WARN_NON_LITERAL_NULL_CONVERSION = YES;
				CLANG_WARN_OBJC_IMPLICIT_RETAIN_SELF = YES;
				CLANG_WARN_OBJC_LITERAL_CONVERSION = YES;
				CLANG_WARN_OBJC_ROOT_CLASS = YES_ERROR;
				CLANG_WARN_RANGE_LOOP_ANALYSIS = YES;
				CLANG_WARN_STRICT_PROTOTYPES = YES;
				CLANG_WARN_SUSPICIOUS_MOVE = YES;
				CLANG_WARN_UNREACHABLE_CODE = YES;
				CLANG_WARN__DUPLICATE_METHOD_MATCH = YES;
				"CODE_SIGN_IDENTITY[sdk=iphoneos*]" = "iPhone Developer";
				COPY_PHASE_STRIP = NO;
				CURRENT_PROJECT_VERSION = 1;
				DEBUG_INFORMATION_FORMAT = "dwarf-with-dsym";
				ENABLE_NS_ASSERTIONS = NO;
				ENABLE_STRICT_OBJC_MSGSEND = YES;
				GCC_C_LANGUAGE_STANDARD = gnu99;
				GCC_NO_COMMON_BLOCKS = YES;
				GCC_WARN_64_TO_32_BIT_CONVERSION = YES;
				GCC_WARN_ABOUT_RETURN_TYPE = YES_ERROR;
				GCC_WARN_UNDECLARED_SELECTOR = YES;
				GCC_WARN_UNINITIALIZED_AUTOS = YES_AGGRESSIVE;
				GCC_WARN_UNUSED_FUNCTION = YES;
				GCC_WARN_UNUSED_VARIABLE = YES;
				IPHONEOS_DEPLOYMENT_TARGET = 10.0;
				MTL_ENABLE_DEBUG_INFO = NO;
				SDKROOT = iphoneos;
				SWIFT_OPTIMIZATION_LEVEL = "-Owholemodule";
				TARGETED_DEVICE_FAMILY = "1,2";
				VALIDATE_PRODUCT = YES;
				"VALID_ARCHS[sdk=iphonesimulator*]" = x86_64;
				VERSIONING_SYSTEM = "apple-generic";
				VERSION_INFO_PREFIX = "";
			};
			name = Release;
		};
		180BD2321B4C9268000DB241 /* Debug */ = {
			isa = XCBuildConfiguration;
			buildSettings = {
				ASSETCATALOG_COMPILER_APPICON_NAME = AppIcon;
				INFOPLIST_FILE = "SwiftSH Example/Info.plist";
				LD_RUNPATH_SEARCH_PATHS = "$(inherited) @executable_path/Frameworks";
				PRODUCT_BUNDLE_IDENTIFIER = com.tommasomadonia.SwiftSHExample;
				PRODUCT_NAME = "$(TARGET_NAME)";
				SWIFT_VERSION = 5.0;
			};
			name = Debug;
		};
		180BD2331B4C9268000DB241 /* Release */ = {
			isa = XCBuildConfiguration;
			buildSettings = {
				ASSETCATALOG_COMPILER_APPICON_NAME = AppIcon;
				INFOPLIST_FILE = "SwiftSH Example/Info.plist";
				LD_RUNPATH_SEARCH_PATHS = "$(inherited) @executable_path/Frameworks";
				PRODUCT_BUNDLE_IDENTIFIER = com.tommasomadonia.SwiftSHExample;
				PRODUCT_NAME = "$(TARGET_NAME)";
				SWIFT_VERSION = 5.0;
			};
			name = Release;
		};
/* End XCBuildConfiguration section */

/* Begin XCConfigurationList section */
		180BD1F91B4C622D000DB241 /* Build configuration list for PBXProject "SwiftSH Example" */ = {
			isa = XCConfigurationList;
			buildConfigurations = (
				180BD2111B4C622D000DB241 /* Debug */,
				180BD2121B4C622D000DB241 /* Release */,
			);
			defaultConfigurationIsVisible = 0;
			defaultConfigurationName = Release;
		};
		180BD2311B4C9268000DB241 /* Build configuration list for PBXNativeTarget "SwiftSH Example" */ = {
			isa = XCConfigurationList;
			buildConfigurations = (
				180BD2321B4C9268000DB241 /* Debug */,
				180BD2331B4C9268000DB241 /* Release */,
			);
			defaultConfigurationIsVisible = 0;
			defaultConfigurationName = Release;
		};
/* End XCConfigurationList section */
	};
	rootObject = 180BD1F61B4C622D000DB241 /* Project object */;
}
